
Microsoft Visual Studio Solution File, Format Version 12.00
# Visual Studio Version 17
VisualStudioVersion = 17.14.36408.4 d17.14
MinimumVisualStudioVersion = 10.0.40219.1
Project("{FAE04EC0-301F-11D3-BF4B-00C04F79EFBC}") = "ToDo_2ITC", "ToDo_2ITC\ToDo_2ITC.csproj", "{125E99E3-6DBB-4890-A6C2-BA2160E37266}"
EndProject
Global
	GlobalSection(SolutionConfigurationPlatforms) = preSolution
		Debug|Any CPU = Debug|Any CPU
		Release|Any CPU = Release|Any CPU
	EndGlobalSection
	GlobalSection(ProjectConfigurationPlatforms) = postSolution
		{125E99E3-6DBB-4890-A6C2-BA2160E37266}.Debug|Any CPU.ActiveCfg = Debug|Any CPU
		{125E99E3-6DBB-4890-A6C2-BA2160E37266}.Debug|Any CPU.Build.0 = Debug|Any CPU
		{125E99E3-6DBB-4890-A6C2-BA2160E37266}.Release|Any CPU.ActiveCfg = Release|Any CPU
		{125E99E3-6DBB-4890-A6C2-BA2160E37266}.Release|Any CPU.Build.0 = Release|Any CPU
	EndGlobalSection
	GlobalSection(SolutionProperties) = preSolution
		HideSolutionNode = FALSE
	EndGlobalSection
	GlobalSection(ExtensibilityGlobals) = postSolution
		SolutionGuid = {1C776E83-42E8-4F4E-9037-F48408441227}
	EndGlobalSection
EndGlobal
